
Microsoft Visual Studio Solution File, Format Version 12.00
# Visual Studio Version 16
VisualStudioVersion = 16.0.29709.97
MinimumVisualStudioVersion = 10.0.40219.1
Project("{FAE04EC0-301F-11D3-BF4B-00C04F79EFBC}") = "ProjectQ26", "ProjectQ26\ProjectQ26.csproj", "{66910AFB-CBC5-44B8-88D0-6F8FDEF746CD}"
EndProject
Global
	GlobalSection(SolutionConfigurationPlatforms) = preSolution
		Debug|Any CPU = Debug|Any CPU
		Release|Any CPU = Release|Any CPU
	EndGlobalSection
	GlobalSection(ProjectConfigurationPlatforms) = postSolution
		{66910AFB-CBC5-44B8-88D0-6F8FDEF746CD}.Debug|Any CPU.ActiveCfg = Debug|Any CPU
		{66910AFB-CBC5-44B8-88D0-6F8FDEF746CD}.Debug|Any CPU.Build.0 = Debug|Any CPU
		{66910AFB-CBC5-44B8-88D0-6F8FDEF746CD}.Release|Any CPU.ActiveCfg = Release|Any CPU
		{66910AFB-CBC5-44B8-88D0-6F8FDEF746CD}.Release|Any CPU.Build.0 = Release|Any CPU
	EndGlobalSection
	GlobalSection(SolutionProperties) = preSolution
		HideSolutionNode = FALSE
	EndGlobalSection
	GlobalSection(ExtensibilityGlobals) = postSolution
		SolutionGuid = {1D2DE234-2973-49FF-9FB3-354AC85D9D3F}
	EndGlobalSection
EndGlobal
